
Microsoft Visual Studio Solution File, Format Version 12.00
# Visual Studio 2012
Project("{FAE04EC0-301F-11D3-BF4B-00C04F79EFBC}") = "WebDriverDemo", "WebDriverDemo\WebDriverDemo.csproj", "{C12DA3A3-81A3-4572-954C-3FB0BAC89645}"
EndProject
Project("{FAE04EC0-301F-11D3-BF4B-00C04F79EFBC}") = "Tests", "Tests\Tests.csproj", "{60AB1006-3FAF-45FF-A978-B25A74CE8BEF}"
EndProject
Global
	GlobalSection(SolutionConfigurationPlatforms) = preSolution
		Debug|Any CPU = Debug|Any CPU
		Release|Any CPU = Release|Any CPU
	EndGlobalSection
	GlobalSection(ProjectConfigurationPlatforms) = postSolution
		{C12DA3A3-81A3-4572-954C-3FB0BAC89645}.Debug|Any CPU.ActiveCfg = Debug|Any CPU
		{C12DA3A3-81A3-4572-954C-3FB0BAC89645}.Debug|Any CPU.Build.0 = Debug|Any CPU
		{C12DA3A3-81A3-4572-954C-3FB0BAC89645}.Release|Any CPU.ActiveCfg = Release|Any CPU
		{C12DA3A3-81A3-4572-954C-3FB0BAC89645}.Release|Any CPU.Build.0 = Release|Any CPU
		{60AB1006-3FAF-45FF-A978-B25A74CE8BEF}.Debug|Any CPU.ActiveCfg = Debug|Any CPU
		{60AB1006-3FAF-45FF-A978-B25A74CE8BEF}.Debug|Any CPU.Build.0 = Debug|Any CPU
		{60AB1006-3FAF-45FF-A978-B25A74CE8BEF}.Release|Any CPU.ActiveCfg = Release|Any CPU
		{60AB1006-3FAF-45FF-A978-B25A74CE8BEF}.Release|Any CPU.Build.0 = Release|Any CPU
	EndGlobalSection
	GlobalSection(SolutionProperties) = preSolution
		HideSolutionNode = FALSE
	EndGlobalSection
EndGlobal
